
Microsoft Visual Studio Solution File, Format Version 12.00
# Visual Studio Version 17
VisualStudioVersion = 17.5.002.0
MinimumVisualStudioVersion = 10.0.40219.1
Project("{9A19103F-16F7-4668-BE54-9A1E7A4F7556}") = "Hello", "Hello\Hello.csproj", "{6FB79C5B-7502-498E-8528-BC5BADAB69FB}"
EndProject
Global
	GlobalSection(SolutionConfigurationPlatforms) = preSolution
		Debug|Any CPU = Debug|Any CPU
		Release|Any CPU = Release|Any CPU
	EndGlobalSection
	GlobalSection(ProjectConfigurationPlatforms) = postSolution
		{6FB79C5B-7502-498E-8528-BC5BADAB69FB}.Debug|Any CPU.ActiveCfg = Debug|Any CPU
		{6FB79C5B-7502-498E-8528-BC5BADAB69FB}.Debug|Any CPU.Build.0 = Debug|Any CPU
		{6FB79C5B-7502-498E-8528-BC5BADAB69FB}.Release|Any CPU.ActiveCfg = Release|Any CPU
		{6FB79C5B-7502-498E-8528-BC5BADAB69FB}.Release|Any CPU.Build.0 = Release|Any CPU
	EndGlobalSection
	GlobalSection(SolutionProperties) = preSolution
		HideSolutionNode = FALSE
	EndGlobalSection
	GlobalSection(ExtensibilityGlobals) = postSolution
		SolutionGuid = {C8E65B81-37D1-4088-9398-408896AC3931}
	EndGlobalSection
EndGlobal
